lockfileVersion: '6.0'

settings:
  autoInstallPeers: true
  excludeLinksFromLockfile: false

dependencies:
  luxon:
    specifier: ^3.3.0
    version: 3.3.0
  obs-websocket-js:
    specifier: ^5.0.2
    version: 5.0.2
  react:
    specifier: ^18.2.0
    version: 18.2.0
  react-dom:
    specifier: ^18.2.0
    version: 18.2.0(react@18.2.0)
  react-router:
    specifier: ^6.10.0
    version: 6.10.0(react@18.2.0)
  react-router-dom:
    specifier: ^6.10.0
    version: 6.10.0(react-dom@18.2.0)(react@18.2.0)
  shaka-player:
    specifier: ^4.3.5
    version: 4.3.5
  socket.io-client:
    specifier: ^4.6.1
    version: 4.6.1

devDependencies:
  '@types/luxon':
    specifier: ^3.3.0
    version: 3.3.0
  '@types/react':
    specifier: ^18.0.38
    version: 18.0.38
  '@types/react-dom':
    specifier: ^18.0.11
    version: 18.0.11
  prettier:
    specifier: ^2.8.7
    version: 2.8.7
  typescript:
    specifier: ^5.0.4
    version: 5.0.4
  vite:
    specifier: ^4.3.1
    version: 4.3.1

packages:

  /@esbuild/android-arm64@0.17.17:
    resolution: {integrity: sha512-jaJ5IlmaDLFPNttv0ofcwy/cfeY4bh/n705Tgh+eLObbGtQBK3EPAu+CzL95JVE4nFAliyrnEu0d32Q5foavqg==}
    engines: {node: '>=12'}
    cpu: [arm64]
    os: [android]
    requiresBuild: true
    dev: true
    optional: true

  /@esbuild/android-arm@0.17.17:
    resolution: {integrity: sha512-E6VAZwN7diCa3labs0GYvhEPL2M94WLF8A+czO8hfjREXxba8Ng7nM5VxV+9ihNXIY1iQO1XxUU4P7hbqbICxg==}
    engines: {node: '>=12'}
    cpu: [arm]
    os: [android]
    requiresBuild: true
    dev: true
    optional: true

  /@esbuild/android-x64@0.17.17:
    resolution: {integrity: sha512-446zpfJ3nioMC7ASvJB1pszHVskkw4u/9Eu8s5yvvsSDTzYh4p4ZIRj0DznSl3FBF0Z/mZfrKXTtt0QCoFmoHA==}
    engines: {node: '>=12'}
    cpu: [x64]
    os: [android]
    requiresBuild: true
    dev: true
    optional: true

  /@esbuild/darwin-arm64@0.17.17:
    resolution: {integrity: sha512-m/gwyiBwH3jqfUabtq3GH31otL/0sE0l34XKpSIqR7NjQ/XHQ3lpmQHLHbG8AHTGCw8Ao059GvV08MS0bhFIJQ==}
    engines: {node: '>=12'}
    cpu: [arm64]
    os: [darwin]
    requiresBuild: true
    dev: true
    optional: true

  /@esbuild/darwin-x64@0.17.17:
    resolution: {integrity: sha512-4utIrsX9IykrqYaXR8ob9Ha2hAY2qLc6ohJ8c0CN1DR8yWeMrTgYFjgdeQ9LIoTOfLetXjuCu5TRPHT9yKYJVg==}
    engines: {node: '>=12'}
    cpu: [x64]
    os: [darwin]
    requiresBuild: true
    dev: true
    optional: true

  /@esbuild/freebsd-arm64@0.17.17:
    resolution: {integrity: sha512-4PxjQII/9ppOrpEwzQ1b0pXCsFLqy77i0GaHodrmzH9zq2/NEhHMAMJkJ635Ns4fyJPFOlHMz4AsklIyRqFZWA==}
    engines: {node: '>=12'}
    cpu: [arm64]
    os: [freebsd]
    requiresBuild: true
    dev: true
    optional: true

  /@esbuild/freebsd-x64@0.17.17:
    resolution: {integrity: sha512-lQRS+4sW5S3P1sv0z2Ym807qMDfkmdhUYX30GRBURtLTrJOPDpoU0kI6pVz1hz3U0+YQ0tXGS9YWveQjUewAJw==}
    engines: {node: '>=12'}
    cpu: [x64]
    os: [freebsd]
    requiresBuild: true
    dev: true
    optional: true

  /@esbuild/linux-arm64@0.17.17:
    resolution: {integrity: sha512-2+pwLx0whKY1/Vqt8lyzStyda1v0qjJ5INWIe+d8+1onqQxHLLi3yr5bAa4gvbzhZqBztifYEu8hh1La5+7sUw==}
    engines: {node: '>=12'}
    cpu: [arm64]
    os: [linux]
    requiresBuild: true
    dev: true
    optional: true

  /@esbuild/linux-arm@0.17.17:
    resolution: {integrity: sha512-biDs7bjGdOdcmIk6xU426VgdRUpGg39Yz6sT9Xp23aq+IEHDb/u5cbmu/pAANpDB4rZpY/2USPhCA+w9t3roQg==}
    engines: {node: '>=12'}
    cpu: [arm]
    os: [linux]
    requiresBuild: true
    dev: true
    optional: true

  /@esbuild/linux-ia32@0.17.17:
    resolution: {integrity: sha512-IBTTv8X60dYo6P2t23sSUYym8fGfMAiuv7PzJ+0LcdAndZRzvke+wTVxJeCq4WgjppkOpndL04gMZIFvwoU34Q==}
    engines: {node: '>=12'}
    cpu: [ia32]
    os: [linux]
    requiresBuild: true
    dev: true
    optional: true

  /@esbuild/linux-loong64@0.17.17:
    resolution: {integrity: sha512-WVMBtcDpATjaGfWfp6u9dANIqmU9r37SY8wgAivuKmgKHE+bWSuv0qXEFt/p3qXQYxJIGXQQv6hHcm7iWhWjiw==}
    engines: {node: '>=12'}
    cpu: [loong64]
    os: [linux]
    requiresBuild: true
    dev: true
    optional: true

  /@esbuild/linux-mips64el@0.17.17:
    resolution: {integrity: sha512-2kYCGh8589ZYnY031FgMLy0kmE4VoGdvfJkxLdxP4HJvWNXpyLhjOvxVsYjYZ6awqY4bgLR9tpdYyStgZZhi2A==}
    engines: {node: '>=12'}
    cpu: [mips64el]
    os: [linux]
    requiresBuild: true
    dev: true
    optional: true

  /@esbuild/linux-ppc64@0.17.17:
    resolution: {integrity: sha512-KIdG5jdAEeAKogfyMTcszRxy3OPbZhq0PPsW4iKKcdlbk3YE4miKznxV2YOSmiK/hfOZ+lqHri3v8eecT2ATwQ==}
    engines: {node: '>=12'}
    cpu: [ppc64]
    os: [linux]
    requiresBuild: true
    dev: true
    optional: true

  /@esbuild/linux-riscv64@0.17.17:
    resolution: {integrity: sha512-Cj6uWLBR5LWhcD/2Lkfg2NrkVsNb2sFM5aVEfumKB2vYetkA/9Uyc1jVoxLZ0a38sUhFk4JOVKH0aVdPbjZQeA==}
    engines: {node: '>=12'}
    cpu: [riscv64]
    os: [linux]
    requiresBuild: true
    dev: true
    optional: true

  /@esbuild/linux-s390x@0.17.17:
    resolution: {integrity: sha512-lK+SffWIr0XsFf7E0srBjhpkdFVJf3HEgXCwzkm69kNbRar8MhezFpkIwpk0qo2IOQL4JE4mJPJI8AbRPLbuOQ==}
    engines: {node: '>=12'}
    cpu: [s390x]
    os: [linux]
    requiresBuild: true
    dev: true
    optional: true

  /@esbuild/linux-x64@0.17.17:
    resolution: {integrity: sha512-XcSGTQcWFQS2jx3lZtQi7cQmDYLrpLRyz1Ns1DzZCtn898cWfm5Icx/DEWNcTU+T+tyPV89RQtDnI7qL2PObPg==}
    engines: {node: '>=12'}
    cpu: [x64]
    os: [linux]
    requiresBuild: true
    dev: true
    optional: true

  /@esbuild/netbsd-x64@0.17.17:
    resolution: {integrity: sha512-RNLCDmLP5kCWAJR+ItLM3cHxzXRTe4N00TQyQiimq+lyqVqZWGPAvcyfUBM0isE79eEZhIuGN09rAz8EL5KdLA==}
    engines: {node: '>=12'}
    cpu: [x64]
    os: [netbsd]
    requiresBuild: true
    dev: true
    optional: true

  /@esbuild/openbsd-x64@0.17.17:
    resolution: {integrity: sha512-PAXswI5+cQq3Pann7FNdcpSUrhrql3wKjj3gVkmuz6OHhqqYxKvi6GgRBoaHjaG22HV/ZZEgF9TlS+9ftHVigA==}
    engines: {node: '>=12'}
    cpu: [x64]
    os: [openbsd]
    requiresBuild: true
    dev: true
    optional: true

  /@esbuild/sunos-x64@0.17.17:
    resolution: {integrity: sha512-V63egsWKnx/4V0FMYkr9NXWrKTB5qFftKGKuZKFIrAkO/7EWLFnbBZNM1CvJ6Sis+XBdPws2YQSHF1Gqf1oj/Q==}
    engines: {node: '>=12'}
    cpu: [x64]
    os: [sunos]
    requiresBuild: true
    dev: true
    optional: true

  /@esbuild/win32-arm64@0.17.17:
    resolution: {integrity: sha512-YtUXLdVnd6YBSYlZODjWzH+KzbaubV0YVd6UxSfoFfa5PtNJNaW+1i+Hcmjpg2nEe0YXUCNF5bkKy1NnBv1y7Q==}
    engines: {node: '>=12'}
    cpu: [arm64]
    os: [win32]
    requiresBuild: true
    dev: true
    optional: true

  /@esbuild/win32-ia32@0.17.17:
    resolution: {integrity: sha512-yczSLRbDdReCO74Yfc5tKG0izzm+lPMYyO1fFTcn0QNwnKmc3K+HdxZWLGKg4pZVte7XVgcFku7TIZNbWEJdeQ==}
    engines: {node: '>=12'}
    cpu: [ia32]
    os: [win32]
    requiresBuild: true
    dev: true
    optional: true

  /@esbuild/win32-x64@0.17.17:
    resolution: {integrity: sha512-FNZw7H3aqhF9OyRQbDDnzUApDXfC1N6fgBhkqEO2jvYCJ+DxMTfZVqg3AX0R1khg1wHTBRD5SdcibSJ+XF6bFg==}
    engines: {node: '>=12'}
    cpu: [x64]
    os: [win32]
    requiresBuild: true
    dev: true
    optional: true

  /@msgpack/msgpack@2.8.0:
    resolution: {integrity: sha512-h9u4u/jiIRKbq25PM+zymTyW6bhTzELvOoUd+AvYriWOAKpLGnIamaET3pnHYoI5iYphAHBI4ayx0MehR+VVPQ==}
    engines: {node: '>= 10'}
    dev: false

  /@remix-run/router@1.5.0:
    resolution: {integrity: sha512-bkUDCp8o1MvFO+qxkODcbhSqRa6P2GXgrGZVpt0dCXNW2HCSCqYI0ZoAqEOSAjRWmmlKcYgFvN4B4S+zo/f8kg==}
    engines: {node: '>=14'}
    dev: false

  /@socket.io/component-emitter@3.1.0:
    resolution: {integrity: sha512-+9jVqKhRSpsc591z5vX+X5Yyw+he/HCB4iQ/RYxw35CEPaY1gnsNE43nf9n9AaYjAQrTiI/mOwKUKdUs9vf7Xg==}
    dev: false

  /@types/luxon@3.3.0:
    resolution: {integrity: sha512-uKRI5QORDnrGFYgcdAVnHvEIvEZ8noTpP/Bg+HeUzZghwinDlIS87DEenV5r1YoOF9G4x600YsUXLWZ19rmTmg==}
    dev: true

  /@types/prop-types@15.7.5:
    resolution: {integrity: sha512-JCB8C6SnDoQf0cNycqd/35A7MjcnK+ZTqE7judS6o7utxUCg6imJg3QK2qzHKszlTjcj2cn+NwMB2i96ubpj7w==}
    dev: true

  /@types/react-dom@18.0.11:
    resolution: {integrity: sha512-O38bPbI2CWtgw/OoQoY+BRelw7uysmXbWvw3nLWO21H1HSh+GOlqPuXshJfjmpNlKiiSDG9cc1JZAaMmVdcTlw==}
    dependencies:
      '@types/react': 18.0.38
    dev: true

  /@types/react@18.0.38:
    resolution: {integrity: sha512-ExsidLLSzYj4cvaQjGnQCk4HFfVT9+EZ9XZsQ8Hsrcn8QNgXtpZ3m9vSIC2MWtx7jHictK6wYhQgGh6ic58oOw==}
    dependencies:
      '@types/prop-types': 15.7.5
      '@types/scheduler': 0.16.3
      csstype: 3.1.2
    dev: true

  /@types/scheduler@0.16.3:
    resolution: {integrity: sha512-5cJ8CB4yAx7BH1oMvdU0Jh9lrEXyPkar6F9G/ERswkCuvP4KQZfZkSjcMbAICCpQTN4OuZn8tz0HiKv9TGZgrQ==}
    dev: true

  /crypto-js@4.1.1:
    resolution: {integrity: sha512-o2JlM7ydqd3Qk9CA0L4NL6mTzU2sdx96a+oOfPu8Mkl/PK51vSyoi8/rQ8NknZtk44vq15lmhAj9CIAGwgeWKw==}
    dev: false

  /csstype@3.1.2:
    resolution: {integrity: sha512-I7K1Uu0MBPzaFKg4nI5Q7Vs2t+3gWWW648spaF+Rg7pI9ds18Ugn+lvg4SHczUdKlHI5LWBXyqfS8+DufyBsgQ==}
    dev: true

  /debug@4.3.4:
    resolution: {integrity: sha512-PRWFHuSU3eDtQJPvnNY7Jcket1j0t5OuOsFzPPzsekD52Zl8qUfFIPEiswXqIvHWGVHOgX+7G/vCNNhehwxfkQ==}
    engines: {node: '>=6.0'}
    peerDependencies:
      supports-color: '*'
    peerDependenciesMeta:
      supports-color:
        optional: true
    dependencies:
      ms: 2.1.2
    dev: false

  /eme-encryption-scheme-polyfill@2.1.1:
    resolution: {integrity: sha512-njD17wcUrbqCj0ArpLu5zWXtaiupHb/2fIUQGdInf83GlI+Q6mmqaPGLdrke4savKAu15J/z1Tg/ivDgl14g0g==}
    dev: false

  /engine.io-client@6.4.0:
    resolution: {integrity: sha512-GyKPDyoEha+XZ7iEqam49vz6auPnNJ9ZBfy89f+rMMas8AuiMWOZ9PVzu8xb9ZC6rafUqiGHSCfu22ih66E+1g==}
    dependencies:
      '@socket.io/component-emitter': 3.1.0
      debug: 4.3.4
      engine.io-parser: 5.0.6
      ws: 8.11.0
      xmlhttprequest-ssl: 2.0.0
    transitivePeerDependencies:
      - bufferutil
      - supports-color
      - utf-8-validate
    dev: false

  /engine.io-parser@5.0.6:
    resolution: {integrity: sha512-tjuoZDMAdEhVnSFleYPCtdL2GXwVTGtNjoeJd9IhIG3C1xs9uwxqRNEu5WpnDZCaozwVlK/nuQhpodhXSIMaxw==}
    engines: {node: '>=10.0.0'}
    dev: false

  /esbuild@0.17.17:
    resolution: {integrity: sha512-/jUywtAymR8jR4qsa2RujlAF7Krpt5VWi72Q2yuLD4e/hvtNcFQ0I1j8m/bxq238pf3/0KO5yuXNpuLx8BE1KA==}
    engines: {node: '>=12'}
    hasBin: true
    requiresBuild: true
    optionalDependencies:
      '@esbuild/android-arm': 0.17.17
      '@esbuild/android-arm64': 0.17.17
      '@esbuild/android-x64': 0.17.17
      '@esbuild/darwin-arm64': 0.17.17
      '@esbuild/darwin-x64': 0.17.17
      '@esbuild/freebsd-arm64': 0.17.17
      '@esbuild/freebsd-x64': 0.17.17
      '@esbuild/linux-arm': 0.17.17
      '@esbuild/linux-arm64': 0.17.17
      '@esbuild/linux-ia32': 0.17.17
      '@esbuild/linux-loong64': 0.17.17
      '@esbuild/linux-mips64el': 0.17.17
      '@esbuild/linux-ppc64': 0.17.17
      '@esbuild/linux-riscv64': 0.17.17
      '@esbuild/linux-s390x': 0.17.17
      '@esbuild/linux-x64': 0.17.17
      '@esbuild/netbsd-x64': 0.17.17
      '@esbuild/openbsd-x64': 0.17.17
      '@esbuild/sunos-x64': 0.17.17
      '@esbuild/win32-arm64': 0.17.17
      '@esbuild/win32-ia32': 0.17.17
      '@esbuild/win32-x64': 0.17.17
    dev: true

  /eventemitter3@4.0.7:
    resolution: {integrity: sha512-8guHBZCwKnFhYdHr2ysuRWErTwhoN2X8XELRlrRwpmfeY2jjuUN4taQMsULKUVo1K4DvZl+0pgfyoysHxvmvEw==}
    dev: false

  /fsevents@2.3.2:
    resolution: {integrity: sha512-xiqMQR4xAeHTuB9uWm+fFRcIOgKBMiOBP+eXiyT7jsgVCq1bkVygt00oASowB7EdtpOHaaPgKt812P9ab+DDKA==}
    engines: {node: ^8.16.0 || ^10.6.0 || >=11.0.0}
    os: [darwin]
    requiresBuild: true
    dev: true
    optional: true

  /isomorphic-ws@4.0.1(ws@8.13.0):
    resolution: {integrity: sha512-BhBvN2MBpWTaSHdWRb/bwdZJ1WaehQ2L1KngkCkfLUGF0mAWAT1sQUQacEmQ0jXkFw/czDXPNQSL5u2/Krsz1w==}
    peerDependencies:
      ws: '*'
    dependencies:
      ws: 8.13.0
    dev: false

  /js-tokens@4.0.0:
    resolution: {integrity: sha512-RdJUflcE3cUzKiMqQgsCu06FPu9UdIJO0beYbPhHN4k6apgJtifcoCtT9bcxOpYBtpD2kCM6Sbzg4CausW/PKQ==}
    dev: false

  /loose-envify@1.4.0:
    resolution: {integrity: sha512-lyuxPGr/Wfhrlem2CL/UcnUc1zcqKAImBDzukY7Y5F/yQiNdko6+fRLevlw1HgMySw7f611UIY408EtxRSoK3Q==}
    hasBin: true
    dependencies:
      js-tokens: 4.0.0
    dev: false

  /luxon@3.3.0:
    resolution: {integrity: sha512-An0UCfG/rSiqtAIiBPO0Y9/zAnHUZxAMiCpTd5h2smgsj7GGmcenvrvww2cqNA8/4A5ZrD1gJpHN2mIHZQF+Mg==}
    engines: {node: '>=12'}
    dev: false

  /ms@2.1.2:
    resolution: {integrity: sha512-sGkPx+VjMtmA6MX27oA4FBFELFCZZ4S4XqeGOXCv68tT+jb3vk/RyaKWP0PTKyWtmLSM0b+adUTEvbs1PEaH2w==}
    dev: false

  /nanoid@3.3.6:
    resolution: {integrity: sha512-BGcqMMJuToF7i1rt+2PWSNVnWIkGCU78jBG3RxO/bZlnZPK2Cmi2QaffxGO/2RvWi9sL+FAiRiXMgsyxQ1DIDA==}
    engines: {node: ^10 || ^12 || ^13.7 || ^14 || >=15.0.1}
    hasBin: true
    dev: true

  /obs-websocket-js@5.0.2:
    resolution: {integrity: sha512-4XxWd5abIFOk0HjIHk+X/NwSXuOTPGsNnn7845g0UQZV0T3AtNk+dfp21zSjJVzuN/5oZR3UKjzEqg8pxMndCA==}
    engines: {node: '>12.0'}
    dependencies:
      '@msgpack/msgpack': 2.8.0
      crypto-js: 4.1.1
      debug: 4.3.4
      eventemitter3: 4.0.7
      isomorphic-ws: 4.0.1(ws@8.13.0)
      type-fest: 2.19.0
      ws: 8.13.0
    transitivePeerDependencies:
      - bufferutil
      - supports-color
      - utf-8-validate
    dev: false

  /picocolors@1.0.0:
    resolution: {integrity: sha512-1fygroTLlHu66zi26VoTDv8yRgm0Fccecssto+MhsZ0D/DGW2sm8E8AjW7NU5VVTRt5GxbeZ5qBuJr+HyLYkjQ==}
    dev: true

  /postcss@8.4.23:
    resolution: {integrity: sha512-bQ3qMcpF6A/YjR55xtoTr0jGOlnPOKAIMdOWiv0EIT6HVPEaJiJB4NLljSbiHoC2RX7DN5Uvjtpbg1NPdwv1oA==}
    engines: {node: ^10 || ^12 || >=14}
    dependencies:
      nanoid: 3.3.6
      picocolors: 1.0.0
      source-map-js: 1.0.2
    dev: true

  /prettier@2.8.7:
    resolution: {integrity: sha512-yPngTo3aXUUmyuTjeTUT75txrf+aMh9FiD7q9ZE/i6r0bPb22g4FsE6Y338PQX1bmfy08i9QQCB7/rcUAVntfw==}
    engines: {node: '>=10.13.0'}
    hasBin: true
    dev: true

  /react-dom@18.2.0(react@18.2.0):
    resolution: {integrity: sha512-6IMTriUmvsjHUjNtEDudZfuDQUoWXVxKHhlEGSk81n4YFS+r/Kl99wXiwlVXtPBtJenozv2P+hxDsw9eA7Xo6g==}
    peerDependencies:
      react: ^18.2.0
    dependencies:
      loose-envify: 1.4.0
      react: 18.2.0
      scheduler: 0.23.0
    dev: false

  /react-router-dom@6.10.0(react-dom@18.2.0)(react@18.2.0):
    resolution: {integrity: sha512-E5dfxRPuXKJqzwSe/qGcqdwa18QiWC6f3H3cWXM24qj4N0/beCIf/CWTipop2xm7mR0RCS99NnaqPNjHtrAzCg==}
    engines: {node: '>=14'}
    peerDependencies:
      react: '>=16.8'
      react-dom: '>=16.8'
    dependencies:
      '@remix-run/router': 1.5.0
      react: 18.2.0
      react-dom: 18.2.0(react@18.2.0)
      react-router: 6.10.0(react@18.2.0)
    dev: false

  /react-router@6.10.0(react@18.2.0):
    resolution: {integrity: sha512-Nrg0BWpQqrC3ZFFkyewrflCud9dio9ME3ojHCF/WLsprJVzkq3q3UeEhMCAW1dobjeGbWgjNn/PVF6m46ANxXQ==}
    engines: {node: '>=14'}
    peerDependencies:
      react: '>=16.8'
    dependencies:
      '@remix-run/router': 1.5.0
      react: 18.2.0
    dev: false

  /react@18.2.0:
    resolution: {integrity: sha512-/3IjMdb2L9QbBdWiW5e3P2/npwMBaU9mHCSCUzNln0ZCYbcfTsGbTJrU/kGemdH2IWmB2ioZ+zkxtmq6g09fGQ==}
    engines: {node: '>=0.10.0'}
    dependencies:
      loose-envify: 1.4.0
    dev: false

  /rollup@3.20.7:
    resolution: {integrity: sha512-P7E2zezKSLhWnTz46XxjSmInrbOCiul1yf+kJccMxT56vxjHwCbDfoLbiqFgu+WQoo9ij2PkraYaBstgB2prBA==}
    engines: {node: '>=14.18.0', npm: '>=8.0.0'}
    hasBin: true
    optionalDependencies:
      fsevents: 2.3.2
    dev: true

  /scheduler@0.23.0:
    resolution: {integrity: sha512-CtuThmgHNg7zIZWAXi3AsyIzA3n4xx7aNyjwC2VJldO2LMVDhFK+63xGqq6CsJH4rTAt6/M+N4GhZiDYPx9eUw==}
    dependencies:
      loose-envify: 1.4.0
    dev: false

  /shaka-player@4.3.5:
    resolution: {integrity: sha512-WkqvHm8QHOsQ71d/qoc2Wa6Z5rBrG3Zgsc6ho9I9e8Xwa0io+MeREgqBuG0z6qoXK55sTImipFhDoERrkmDdUg==}
    engines: {node: '>=14'}
    dependencies:
      eme-encryption-scheme-polyfill: 2.1.1
    dev: false

  /socket.io-client@4.6.1:
    resolution: {integrity: sha512-5UswCV6hpaRsNg5kkEHVcbBIXEYoVbMQaHJBXJCyEQ+CiFPV1NIOY0XOFWG4XR4GZcB8Kn6AsRs/9cy9TbqVMQ==}
    engines: {node: '>=10.0.0'}
    dependencies:
      '@socket.io/component-emitter': 3.1.0
      debug: 4.3.4
      engine.io-client: 6.4.0
      socket.io-parser: 4.2.4
    transitivePeerDependencies:
      - bufferutil
      - supports-color
      - utf-8-validate
    dev: false

  /socket.io-parser@4.2.4:
    resolution: {integrity: sha512-/GbIKmo8ioc+NIWIhwdecY0ge+qVBSMdgxGygevmdHj24bsfgtCmcUUcQ5ZzcylGFHsN3k4HB4Cgkl96KVnuew==}
    engines: {node: '>=10.0.0'}
    dependencies:
      '@socket.io/component-emitter': 3.1.0
      debug: 4.3.4
    transitivePeerDependencies:
      - supports-color
    dev: false

  /source-map-js@1.0.2:
    resolution: {integrity: sha512-R0XvVJ9WusLiqTCEiGCmICCMplcCkIwwR11mOSD9CR5u+IXYdiseeEuXCVAjS54zqwkLcPNnmU4OeJ6tUrWhDw==}
    engines: {node: '>=0.10.0'}
    dev: true

  /type-fest@2.19.0:
    resolution: {integrity: sha512-RAH822pAdBgcNMAfWnCBU3CFZcfZ/i1eZjwFU/dsLKumyuuP3niueg2UAukXYF0E2AAoc82ZSSf9J0WQBinzHA==}
    engines: {node: '>=12.20'}
    dev: false

  /typescript@5.0.4:
    resolution: {integrity: sha512-cW9T5W9xY37cc+jfEnaUvX91foxtHkza3Nw3wkoF4sSlKn0MONdkdEndig/qPBWXNkmplh3NzayQzCiHM4/hqw==}
    engines: {node: '>=12.20'}
    hasBin: true
    dev: true

  /vite@4.3.1:
    resolution: {integrity: sha512-EPmfPLAI79Z/RofuMvkIS0Yr091T2ReUoXQqc5ppBX/sjFRhHKiPPF/R46cTdoci/XgeQpB23diiJxq5w30vdg==}
    engines: {node: ^14.18.0 || >=16.0.0}
    hasBin: true
    peerDependencies:
      '@types/node': '>= 14'
      less: '*'
      sass: '*'
      stylus: '*'
      sugarss: '*'
      terser: ^5.4.0
    peerDependenciesMeta:
      '@types/node':
        optional: true
      less:
        optional: true
      sass:
        optional: true
      stylus:
        optional: true
      sugarss:
        optional: true
      terser:
        optional: true
    dependencies:
      esbuild: 0.17.17
      postcss: 8.4.23
      rollup: 3.20.7
    optionalDependencies:
      fsevents: 2.3.2
    dev: true

  /ws@8.11.0:
    resolution: {integrity: sha512-HPG3wQd9sNQoT9xHyNCXoDUa+Xw/VevmY9FoHyQ+g+rrMn4j6FB4np7Z0OhdTgjx6MgQLK7jwSy1YecU1+4Asg==}
    engines: {node: '>=10.0.0'}
    peerDependencies:
      bufferutil: ^4.0.1
      utf-8-validate: ^5.0.2
    peerDependenciesMeta:
      bufferutil:
        optional: true
      utf-8-validate:
        optional: true
    dev: false

  /ws@8.13.0:
    resolution: {integrity: sha512-x9vcZYTrFPC7aSIbj7sRCYo7L/Xb8Iy+pW0ng0wt2vCJv7M9HOMy0UoN3rr+IFC7hb7vXoqS+P9ktyLLLhO+LA==}
    engines: {node: '>=10.0.0'}
    peerDependencies:
      bufferutil: ^4.0.1
      utf-8-validate: '>=5.0.2'
    peerDependenciesMeta:
      bufferutil:
        optional: true
      utf-8-validate:
        optional: true
    dev: false

  /xmlhttprequest-ssl@2.0.0:
    resolution: {integrity: sha512-QKxVRxiRACQcVuQEYFsI1hhkrMlrXHPegbbd1yn9UHOmRxY+si12nQYzri3vbzt8VdTTRviqcKxcyllFas5z2A==}
    engines: {node: '>=0.4.0'}
    dev: false
